
Microsoft Visual Studio Solution File, Format Version 12.00
# Visual Studio 15
VisualStudioVersion = 15.0.28010.2050
MinimumVisualStudioVersion = 10.0.40219.1
Project("{8BC9CEB8-8B4A-11D0-8D11-00A0C91BC942}") = "quick_sort", "quick_sort\quick_sort.vcxproj", "{2C4C3CC2-365B-4581-B069-BC2D309BBD18}"
EndProject
Global
	GlobalSection(SolutionConfigurationPlatforms) = preSolution
		Debug|x64 = Debug|x64
		Debug|x86 = Debug|x86
		Release|x64 = Release|x64
		Release|x86 = Release|x86
	EndGlobalSection
	GlobalSection(ProjectConfigurationPlatforms) = postSolution
		{2C4C3CC2-365B-4581-B069-BC2D309BBD18}.Debug|x64.ActiveCfg = Debug|x64
		{2C4C3CC2-365B-4581-B069-BC2D309BBD18}.Debug|x64.Build.0 = Debug|x64
		{2C4C3CC2-365B-4581-B069-BC2D309BBD18}.Debug|x86.ActiveCfg = Debug|Win32
		{2C4C3CC2-365B-4581-B069-BC2D309BBD18}.Debug|x86.Build.0 = Debug|Win32
		{2C4C3CC2-365B-4581-B069-BC2D309BBD18}.Release|x64.ActiveCfg = Release|x64
		{2C4C3CC2-365B-4581-B069-BC2D309BBD18}.Release|x64.Build.0 = Release|x64
		{2C4C3CC2-365B-4581-B069-BC2D309BBD18}.Release|x86.ActiveCfg = Release|Win32
		{2C4C3CC2-365B-4581-B069-BC2D309BBD18}.Release|x86.Build.0 = Release|Win32
	EndGlobalSection
	GlobalSection(SolutionProperties) = preSolution
		HideSolutionNode = FALSE
	EndGlobalSection
	GlobalSection(ExtensibilityGlobals) = postSolution
		SolutionGuid = {D2F9EBC3-5BEA-42C4-BBE9-73680AD5EFE7}
	EndGlobalSection
EndGlobal
